{
  "name": "groupbot",
  "version": "1.0.0",
  "lockfileVersion": 1,
  "requires": true,
  "dependencies": {
    "@types/node": {
      "version": "14.0.1",
      "resolved": "https://registry.npmjs.org/@types/node/-/node-14.0.1.tgz",
      "integrity": "sha512-FAYBGwC+W6F9+huFIDtn43cpy7+SzG+atzRiTfdp3inUKL2hXnd4rG8hylJLIh4+hqrQy1P17kvJByE/z825hA=="
    },
    "rg": {
      "version": "file:lib/rg",
      "requires": {
        "@types/node": "^13.9.0"
      },
      "dependencies": {
        "@types/node": {
          "version": "13.13.6",
          "resolved": "https://registry.npmjs.org/@types/node/-/node-13.13.6.tgz",
          "integrity": "sha512-zqRj8ugfROCjXCNbmPBe2mmQ0fJWP9lQaN519hwunOgpHgVykme4G6FW95++dyNFDvJUk4rtExkVkL0eciu5NA=="
        }
      }
    },
    "rg-web": {
      "version": "file:lib/rg-web",
      "requires": {
        "rg": "^1.0.0"
      }
    },
    "tg": {
      "version": "file:lib/tg",
      "requires": {
        "rg": "^1.0.1",
        "rg-web": "^1.0.3"
      }
    },
    "tgui": {
      "version": "file:lib/tgui",
      "requires": {
        "@types/node": "^13.11.1",
        "rg": "^1.5.2",
        "rg-web": "^1.0.3"
      },
      "dependencies": {
        "@types/node": {
          "version": "13.13.6",
          "resolved": "https://registry.npmjs.org/@types/node/-/node-13.13.6.tgz",
          "integrity": "sha512-zqRj8ugfROCjXCNbmPBe2mmQ0fJWP9lQaN519hwunOgpHgVykme4G6FW95++dyNFDvJUk4rtExkVkL0eciu5NA=="
        }
      }
    }
  }
}
